{
  "version": 1,
  "dependencies": {
    ".NETFramework,Version=v4.8": {
      "Devolutions.MsRdpEx": {
        "type": "Direct",
        "requested": "[2022.1.18.2, )",
        "resolved": "2022.1.24",
        "contentHash": "zUhuNeCJOlgO0iho9JbyFeoagGE9belZKKKSJakwtvewTCk+G1L3T3bTr3J/xLO1tE3kSBlakJQD8ol11+ExKQ=="
      },
      "PowerShellStandard.Library": {
        "type": "Direct",
        "requested": "[5.1.0, )",
        "resolved": "5.1.0",
        "contentHash": "iYaRvQsM1fow9h3uEmio+2m2VXfulgI16AYHaTZ8Sf7erGe27Qc8w/h6QL5UPuwv1aXR40QfzMEwcCeiYJp2cw=="
      }
    }
  }
}